// !$*UTF8*$!
{
	archiveVersion = 1;
	classes = {
	};
	objectVersion = 48;
	objects = {

/* Begin PBXBuildFile section */
		18849B352009F89E0082158B /* AppDelegate.m in Sources */ = {isa = PBXBuildFile; fileRef = 18849B342009F89E0082158B /* AppDelegate.m */; };
		18849B382009F89E0082158B /* ViewController.m in Sources */ = {isa = PBXBuildFile; fileRef = 18849B372009F89E0082158B /* ViewController.m */; };
		18849B3B2009F89E0082158B /* Main.storyboard in Resources */ = {isa = PBXBuildFile; fileRef = 18849B392009F89E0082158B /* Main.storyboard */; };
		18849B3D2009F89E0082158B /* Assets.xcassets in Resources */ = {isa = PBXBuildFile; fileRef = 18849B3C2009F89E0082158B /* Assets.xcassets */; };
		18849B402009F89E0082158B /* LaunchScreen.storyboard in Resources */ = {isa = PBXBuildFile; fileRef = 18849B3E2009F89E0082158B /* LaunchScreen.storyboard */; };
		18849B432009F89E0082158B /* main.m in Sources */ = {isa = PBXBuildFile; fileRef = 18849B422009F89E0082158B /* main.m */; };
		18849B4B2009FFA80082158B /* CocoaViewController.m in Sources */ = {isa = PBXBuildFile; fileRef = 18849B4A2009FFA80082158B /* CocoaViewController.m */; };
/* End PBXBuildFile section */

/* Begin PBXFileReference section */
		18849B302009F89E0082158B /* App_About_Me.app */ = {isa = PBXFileReference; explicitFileType = wrapper.application; includeInIndex = 0; path = App_About_Me.app; sourceTree = BUILT_PRODUCTS_DIR; };
		18849B332009F89E0082158B /* AppDelegate.h */ = {isa = PBXFileReference; lastKnownFileType = sourcecode.c.h; path = AppDelegate.h; sourceTree = "<group>"; };
		18849B342009F89E0082158B /* AppDelegate.m */ = {isa = PBXFileReference; lastKnownFileType = sourcecode.c.objc; path = AppDelegate.m; sourceTree = "<group>"; };
		18849B362009F89E0082158B /* ViewController.h */ = {isa = PBXFileReference; lastKnownFileType = sourcecode.c.h; path = ViewController.h; sourceTree = "<group>"; };
		18849B372009F89E0082158B /* ViewController.m */ = {isa = PBXFileReference; lastKnownFileType = sourcecode.c.objc; path = ViewController.m; sourceTree = "<group>"; };
		18849B3A2009F89E0082158B /* Base */ = {isa = PBXFileReference; lastKnownFileType = file.storyboard; name = Base; path = Base.lproj/Main.storyboard; sourceTree = "<group>"; };
		18849B3C2009F89E0082158B /* Assets.xcassets */ = {isa = PBXFileReference; lastKnownFileType = folder.assetcatalog; path = Assets.xcassets; sourceTree = "<group>"; };
		18849B3F2009F89E0082158B /* Base */ = {isa = PBXFileReference; lastKnownFileType = file.storyboard; name = Base; path = Base.lproj/LaunchScreen.storyboard; sourceTree = "<group>"; };
		18849B412009F89E0082158B /* Info.plist */ = {isa = PBXFileReference; lastKnownFileType = text.plist.xml; path = Info.plist; sourceTree = "<group>"; };
		18849B422009F89E0082158B /* main.m */ = {isa = PBXFileReference; lastKnownFileType = sourcecode.c.objc; path = main.m; sourceTree = "<group>"; };
		18849B492009FFA80082158B /* CocoaViewController.h */ = {isa = PBXFileReference; lastKnownFileType = sourcecode.c.h; path = CocoaViewController.h; sourceTree = "<group>"; };
		18849B4A2009FFA80082158B /* CocoaViewController.m */ = {isa = PBXFileReference; lastKnownFileType = sourcecode.c.objc; path = CocoaViewController.m; sourceTree = "<group>"; };
/* End PBXFileReference section */

/* Begin PBXFrameworksBuildPhase section */
		18849B2D2009F89D0082158B /* Frameworks */ = {
			isa = PBXFrameworksBuildPhase;
			buildActionMask = 2147483647;
			files = (
			);
			runOnlyForDeploymentPostprocessing = 0;
		};
/* End PBXFrameworksBuildPhase section */

/* Begin PBXGroup section */
		18849B272009F89D0082158B = {
			isa = PBXGroup;
			children = (
				18849B322009F89E0082158B /* App_About_Me */,
				18849B312009F89E0082158B /* Products */,
			);
			sourceTree = "<group>";
		};
		18849B312009F89E0082158B /* Products */ = {
			isa = PBXGroup;
			children = (
				18849B302009F89E0082158B /* App_About_Me.app */,
			);
			name = Products;
			sourceTree = "<group>";
		};
		18849B322009F89E0082158B /* App_About_Me */ = {
			isa = PBXGroup;
			children = (
				18849B332009F89E0082158B /* AppDelegate.h */,
				18849B342009F89E0082158B /* AppDelegate.m */,
				18849B362009F89E0082158B /* ViewController.h */,
				18849B372009F89E0082158B /* ViewController.m */,
				18849B392009F89E0082158B /* Main.storyboard */,
				18849B492009FFA80082158B /* CocoaViewController.h */,
				18849B4A2009FFA80082158B /* CocoaViewController.m */,
				18849B3C2009F89E0082158B /* Assets.xcassets */,
				18849B3E2009F89E0082158B /* LaunchScreen.storyboard */,
				18849B412009F89E0082158B /* Info.plist */,
				18849B422009F89E0082158B /* main.m */,
			);
			path = App_About_Me;
			sourceTree = "<group>";
		};
/* End PBXGroup section */

/* Begin PBXNativeTarget section */
		18849B2F2009F89D0082158B /* App_About_Me */ = {
			isa = PBXNativeTarget;
			buildConfigurationList = 18849B462009F89E0082158B /* Build configuration list for PBXNativeTarget "App_About_Me" */;
			buildPhases = (
				18849B2C2009F89D0082158B /* Sources */,
				18849B2D2009F89D0082158B /* Frameworks */,
				18849B2E2009F89D0082158B /* Resources */,
			);
			buildRules = (
			);
			dependencies = (
			);
			name = App_About_Me;
			productName = App_About_Me;
			productReference = 18849B302009F89E0082158B /* App_About_Me.app */;
			productType = "com.apple.product-type.application";
		};
/* End PBXNativeTarget section */

/* Begin PBXProject section */
		18849B282009F89D0082158B /* Project object */ = {
			isa = PBXProject;
			attributes = {
				LastUpgradeCheck = 0920;
				ORGANIZATIONNAME = "Eric Groseclos";
				TargetAttributes = {
					18849B2F2009F89D0082158B = {
						CreatedOnToolsVersion = 9.2;
						ProvisioningStyle = Automatic;
					};
				};
			};
			buildConfigurationList = 18849B2B2009F89D0082158B /* Build configuration list for PBXProject "App_About_Me" */;
			compatibilityVersion = "Xcode 8.0";
			developmentRegion = en;
			hasScannedForEncodings = 0;
			knownRegions = (
				en,
				Base,
			);
			mainGroup = 18849B272009F89D0082158B;
			productRefGroup = 18849B312009F89E0082158B /* Products */;
			projectDirPath = "";
			projectRoot = "";
			targets = (
				18849B2F2009F89D0082158B /* App_About_Me */,
			);
		};
/* End PBXProject section */

/* Begin PBXResourcesBuildPhase section */
		18849B2E2009F89D0082158B /* Resources */ = {
			isa = PBXResourcesBuildPhase;
			buildActionMask = 2147483647;
			files = (
				18849B402009F89E0082158B /* LaunchScreen.storyboard in Resources */,
				18849B3D2009F89E0082158B /* Assets.xcassets in Resources */,
				18849B3B2009F89E0082158B /* Main.storyboard in Resources */,
			);
			runOnlyForDeploymentPostprocessing = 0;
		};
/* End PBXResourcesBuildPhase section */

/* Begin PBXSourcesBuildPhase section */
		18849B2C2009F89D0082158B /* Sources */ = {
			isa = PBXSourcesBuildPhase;
			buildActionMask = 2147483647;
			files = (
				18849B4B2009FFA80082158B /* CocoaViewController.m in Sources */,
				18849B382009F89E0082158B /* ViewController.m in Sources */,
				18849B432009F89E0082158B /* main.m in Sources */,
				18849B352009F89E0082158B /* AppDelegate.m in Sources */,
			);
			runOnlyForDeploymentPostprocessing = 0;
		};
/* End PBXSourcesBuildPhase section */

/* Begin PBXVariantGroup section */
		18849B392009F89E0082158B /* Main.storyboard */ = {
			isa = PBXVariantGroup;
			children = (
				18849B3A2009F89E0082158B /* Base */,
			);
			name = Main.storyboard;
			sourceTree = "<group>";
		};
		18849B3E2009F89E0082158B /* LaunchScreen.storyboard */ = {
			isa = PBXVariantGroup;
			children = (
				18849B3F2009F89E0082158B /* Base */,
			);
			name = LaunchScreen.storyboard;
			sourceTree = "<group>";
		};
/* End PBXVariantGroup section */

/* Begin XCBuildConfiguration section */
		18849B442009F89E0082158B /* Debug */ = {
			isa = XCBuildConfiguration;
			buildSettings = {
				ALWAYS_SEARCH_USER_PATHS = NO;
				CLANG_ANALYZER_NONNULL = YES;
				CLANG_ANALYZER_NUMBER_OBJECT_CONVERSION = YES_AGGRESSIVE;
				CLANG_CXX_LANGUAGE_STANDARD = "gnu++14";
				CLANG_CXX_LIBRARY = "libc++";
				CLANG_ENABLE_MODULES = YES;
				CLANG_ENABLE_OBJC_ARC = YES;
				CLANG_WARN_BLOCK_CAPTURE_AUTORELEASING = YES;
				CLANG_WARN_BOOL_CONVERSION = YES;
				CLANG_WARN_COMMA = YES;
				CLANG_WARN_CONSTANT_CONVERSION = YES;
				CLANG_WARN_DIRECT_OBJC_ISA_USAGE = YES_ERROR;
				CLANG_WARN_DOCUMENTATION_COMMENTS = YES;
				CLANG_WARN_EMPTY_BODY = YES;
				CLANG_WARN_ENUM_CONVERSION = YES;
				CLANG_WARN_INFINITE_RECURSION = YES;
				CLANG_WARN_INT_CONVERSION = YES;
				CLANG_WARN_NON_LITERAL_NULL_CONVERSION = YES;
				CLANG_WARN_OBJC_LITERAL_CONVERSION = YES;
				CLANG_WARN_OBJC_ROOT_CLASS = YES_ERROR;
				CLANG_WARN_RANGE_LOOP_ANALYSIS = YES;
				CLANG_WARN_STRICT_PROTOTYPES = YES;
				CLANG_WARN_SUSPICIOUS_MOVE = YES;
				CLANG_WARN_UNGUARDED_AVAILABILITY = YES_AGGRESSIVE;
				CLANG_WARN_UNREACHABLE_CODE = YES;
				CLANG_WARN__DUPLICATE_METHOD_MATCH = YES;
				CODE_SIGN_IDENTITY = "iPhone Developer";
				COPY_PHASE_STRIP = NO;
				DEBUG_INFORMATION_FORMAT = dwarf;
				ENABLE_STRICT_OBJC_MSGSEND = YES;
				ENABLE_TESTABILITY = YES;
				GCC_C_LANGUAGE_STANDARD = gnu11;
				GCC_DYNAMIC_NO_PIC = NO;
				GCC_NO_COMMON_BLOCKS = YES;
				GCC_OPTIMIZATION_LEVEL = 0;
				GCC_PREPROCESSOR_DEFINITIONS = (
					"DEBUG=1",
					"$(inherited)",
				);
				GCC_WARN_64_TO_32_BIT_CONVERSION = YES;
				GCC_WARN_ABOUT_RETURN_TYPE = YES_ERROR;
				GCC_WARN_UNDECLARED_SELECTOR = YES;
				GCC_WARN_UNINITIALIZED_AUTOS = YES_AGGRESSIVE;
				GCC_WARN_UNUSED_FUNCTION = YES;
				GCC_WARN_UNUSED_VARIABLE = YES;
				IPHONEOS_DEPLOYMENT_TARGET = 11.2;
				MTL_ENABLE_DEBUG_INFO = YES;
				ONLY_ACTIVE_ARCH = YES;
				SDKROOT = iphoneos;
			};
			name = Debug;
		};
		18849B452009F89E0082158B /* Release */ = {
			isa = XCBuildConfiguration;
			buildSettings = {
				ALWAYS_SEARCH_USER_PATHS = NO;
				CLANG_ANALYZER_NONNULL = YES;
				CLANG_ANALYZER_NUMBER_OBJECT_CONVERSION = YES_AGGRESSIVE;
				CLANG_CXX_LANGUAGE_STANDARD = "gnu++14";
				CLANG_CXX_LIBRARY = "libc++";
				CLANG_ENABLE_MODULES = YES;
				CLANG_ENABLE_OBJC_ARC = YES;
				CLANG_WARN_BLOCK_CAPTURE_AUTORELEASING = YES;
				CLANG_WARN_BOOL_CONVERSION = YES;
				CLANG_WARN_COMMA = YES;
				CLANG_WARN_CONSTANT_CONVERSION = YES;
				CLANG_WARN_DIRECT_OBJC_ISA_USAGE = YES_ERROR;
				CLANG_WARN_DOCUMENTATION_COMMENTS = YES;
				CLANG_WARN_EMPTY_BODY = YES;
				CLANG_WARN_ENUM_CONVERSION = YES;
				CLANG_WARN_INFINITE_RECURSION = YES;
				CLANG_WARN_INT_CONVERSION = YES;
				CLANG_WARN_NON_LITERAL_NULL_CONVERSION = YES;
				CLANG_WARN_OBJC_LITERAL_CONVERSION = YES;
				CLANG_WARN_OBJC_ROOT_CLASS = YES_ERROR;
				CLANG_WARN_RANGE_LOOP_ANALYSIS = YES;
				CLANG_WARN_STRICT_PROTOTYPES = YES;
				CLANG_WARN_SUSPICIOUS_MOVE = YES;
				CLANG_WARN_UNGUARDED_AVAILABILITY = YES_AGGRESSIVE;
				CLANG_WARN_UNREACHABLE_CODE = YES;
				CLANG_WARN__DUPLICATE_METHOD_MATCH = YES;
				CODE_SIGN_IDENTITY = "iPhone Developer";
				COPY_PHASE_STRIP = NO;
				DEBUG_INFORMATION_FORMAT = "dwarf-with-dsym";
				ENABLE_NS_ASSERTIONS = NO;
				ENABLE_STRICT_OBJC_MSGSEND = YES;
				GCC_C_LANGUAGE_STANDARD = gnu11;
				GCC_NO_COMMON_BLOCKS = YES;
				GCC_WARN_64_TO_32_BIT_CONVERSION = YES;
				GCC_WARN_ABOUT_RETURN_TYPE = YES_ERROR;
				GCC_WARN_UNDECLARED_SELECTOR = YES;
				GCC_WARN_UNINITIALIZED_AUTOS = YES_AGGRESSIVE;
				GCC_WARN_UNUSED_FUNCTION = YES;
				GCC_WARN_UNUSED_VARIABLE = YES;
				IPHONEOS_DEPLOYMENT_TARGET = 11.2;
				MTL_ENABLE_DEBUG_INFO = NO;
				SDKROOT = iphoneos;
				VALIDATE_PRODUCT = YES;
			};
			name = Release;
		};
		18849B472009F89E0082158B /* Debug */ = {
			isa = XCBuildConfiguration;
			buildSettings = {
				ASSETCATALOG_COMPILER_APPICON_NAME = AppIcon;
				CODE_SIGN_STYLE = Automatic;
				INFOPLIST_FILE = App_About_Me/Info.plist;
				LD_RUNPATH_SEARCH_PATHS = "$(inherited) @executable_path/Frameworks";
				PRODUCT_BUNDLE_IDENTIFIER = "EG.App-About-Me";
				PRODUCT_NAME = "$(TARGET_NAME)";
				TARGETED_DEVICE_FAMILY = "1,2";
			};
			name = Debug;
		};
		18849B482009F89E0082158B /* Release */ = {
			isa = XCBuildConfiguration;
			buildSettings = {
				ASSETCATALOG_COMPILER_APPICON_NAME = AppIcon;
				CODE_SIGN_STYLE = Automatic;
				INFOPLIST_FILE = App_About_Me/Info.plist;
				LD_RUNPATH_SEARCH_PATHS = "$(inherited) @executable_path/Frameworks";
				PRODUCT_BUNDLE_IDENTIFIER = "EG.App-About-Me";
				PRODUCT_NAME = "$(TARGET_NAME)";
				TARGETED_DEVICE_FAMILY = "1,2";
			};
			name = Release;
		};
/* End XCBuildConfiguration section */

/* Begin XCConfigurationList section */
		18849B2B2009F89D0082158B /* Build configuration list for PBXProject "App_About_Me" */ = {
			isa = XCConfigurationList;
			buildConfigurations = (
				18849B442009F89E0082158B /* Debug */,
				18849B452009F89E0082158B /* Release */,
			);
			defaultConfigurationIsVisible = 0;
			defaultConfigurationName = Release;
		};
		18849B462009F89E0082158B /* Build configuration list for PBXNativeTarget "App_About_Me" */ = {
			isa = XCConfigurationList;
			buildConfigurations = (
				18849B472009F89E0082158B /* Debug */,
				18849B482009F89E0082158B /* Release */,
			);
			defaultConfigurationIsVisible = 0;
			defaultConfigurationName = Release;
		};
/* End XCConfigurationList section */
	};
	rootObject = 18849B282009F89D0082158B /* Project object */;
}
